# This file is autogenerated, do not edit; changes may be undone by the next 'dep ensure'.


[[projects]]
  branch = "master"
  name = "github.com/ONSBR/Plataforma-EventManager"
  packages = ["infra"]
  revision = "975400292798c16d4b560561b445b3c49d188564"

[[projects]]
  branch = "master"
  name = "github.com/PMoneda/carrot"
  packages = ["."]
  revision = "4a5844b49528b57aa5cf990abe2c8fec88697195"

[[projects]]
  name = "github.com/dgrijalva/jwt-go"
  packages = ["."]
  revision = "06ea1031745cb8b3dab3f6a236daf2b0aa468b7e"
  version = "v3.2.0"

[[projects]]
  name = "github.com/labstack/echo"
  packages = [
    ".",
    "middleware"
  ]
  revision = "1abaa3049251d17932e4313c2d6165073fd07fd8"
  version = "v3.3.6"

[[projects]]
  name = "github.com/labstack/gommon"
  packages = [
    "bytes",
    "color",
    "log",
    "random"
  ]
  revision = "2a618302b929cc20862dda3aa6f02f64dbe740dd"
  version = "v0.2.7"

[[projects]]
  name = "github.com/mattn/go-colorable"
  packages = ["."]
  revision = "167de6bfdfba052fa6b2d3664c8f5272e23c9072"
  version = "v0.0.9"

[[projects]]
  name = "github.com/mattn/go-isatty"
  packages = ["."]
  revision = "6ca4dbf54d38eea1a992b3c722a76a5d1c4cb25c"
  version = "v0.0.4"

[[projects]]
  branch = "feature/topic-permissions"
  name = "github.com/michaelklishin/rabbit-hole"
  packages = ["."]
  revision = "1ffa18cc2b8dce965a836e8b1c72fa97e0ac8a20"
  source = "github.com/PMoneda/rabbit-hole"

[[projects]]
  branch = "master"
  name = "github.com/streadway/amqp"
  packages = ["."]
  revision = "70e15c650864f4fc47f5d3c82ea117285480895d"

[[projects]]
  name = "github.com/valyala/bytebufferpool"
  packages = ["."]
  revision = "e746df99fe4a3986f4d4f79e13c1e0117ce9c2f7"
  version = "v1.0.0"

[[projects]]
  branch = "master"
  name = "github.com/valyala/fasttemplate"
  packages = ["."]
  revision = "dcecefd839c4193db0d35b88ec65b4c12d360ab0"

[[projects]]
  branch = "master"
  name = "golang.org/x/crypto"
  packages = [
    "acme",
    "acme/autocert"
  ]
  revision = "e3636079e1a4c1f337f212cc5cd2aca108f6c900"

[[projects]]
  branch = "master"
  name = "golang.org/x/sys"
  packages = ["unix"]
  revision = "4497e2df6f9e69048a54498c7affbbec3294ad47"

[solve-meta]
  analyzer-name = "dep"
  analyzer-version = 1
  inputs-digest = "34ce87303fa931d515e8efd6d4fdaaba3ad367a2005e3c11d5d1f7117589be80"
  solver-name = "gps-cdcl"
  solver-version = 1
